// !$*UTF8*$!
{
	archiveVersion = 1;
	classes = {
	};
	objectVersion = 55;
	objects = {

/* Begin PBXBuildFile section */
		82311E2527D86D7E000F5523 /* AppDelegate.swift in Sources */ = {isa = PBXBuildFile; fileRef = 82311E2427D86D7E000F5523 /* AppDelegate.swift */; };
		82311E2727D86D7E000F5523 /* SceneDelegate.swift in Sources */ = {isa = PBXBuildFile; fileRef = 82311E2627D86D7E000F5523 /* SceneDelegate.swift */; };
		82311E2927D86D7E000F5523 /* WelcomeVC.swift in Sources */ = {isa = PBXBuildFile; fileRef = 82311E2827D86D7E000F5523 /* WelcomeVC.swift */; };
		82311E2C27D86D7E000F5523 /* Main.storyboard in Resources */ = {isa = PBXBuildFile; fileRef = 82311E2A27D86D7E000F5523 /* Main.storyboard */; };
		82311E2E27D86D82000F5523 /* Assets.xcassets in Resources */ = {isa = PBXBuildFile; fileRef = 82311E2D27D86D82000F5523 /* Assets.xcassets */; };
		82311E3127D86D82000F5523 /* LaunchScreen.storyboard in Resources */ = {isa = PBXBuildFile; fileRef = 82311E2F27D86D82000F5523 /* LaunchScreen.storyboard */; };
		82311E3F27D87346000F5523 /* ChooseArtistVC.swift in Sources */ = {isa = PBXBuildFile; fileRef = 82311E3E27D87346000F5523 /* ChooseArtistVC.swift */; };
		82311E4127D87363000F5523 /* MusicListVC.swift in Sources */ = {isa = PBXBuildFile; fileRef = 82311E4027D87363000F5523 /* MusicListVC.swift */; };
		82311E4427D876A5000F5523 /* ChooseArtistCell.swift in Sources */ = {isa = PBXBuildFile; fileRef = 82311E4327D876A5000F5523 /* ChooseArtistCell.swift */; };
		82311E4627D876B7000F5523 /* MusicListCell.swift in Sources */ = {isa = PBXBuildFile; fileRef = 82311E4527D876B7000F5523 /* MusicListCell.swift */; };
/* End PBXBuildFile section */

/* Begin PBXFileReference section */
		82311E2127D86D7E000F5523 /* Axbit test var.4.app */ = {isa = PBXFileReference; explicitFileType = wrapper.application; includeInIndex = 0; path = "Axbit test var.4.app"; sourceTree = BUILT_PRODUCTS_DIR; };
		82311E2427D86D7E000F5523 /* AppDelegate.swift */ = {isa = PBXFileReference; lastKnownFileType = sourcecode.swift; path = AppDelegate.swift; sourceTree = "<group>"; };
		82311E2627D86D7E000F5523 /* SceneDelegate.swift */ = {isa = PBXFileReference; lastKnownFileType = sourcecode.swift; path = SceneDelegate.swift; sourceTree = "<group>"; };
		82311E2827D86D7E000F5523 /* WelcomeVC.swift */ = {isa = PBXFileReference; lastKnownFileType = sourcecode.swift; path = WelcomeVC.swift; sourceTree = "<group>"; };
		82311E2B27D86D7E000F5523 /* Base */ = {isa = PBXFileReference; lastKnownFileType = file.storyboard; name = Base; path = Base.lproj/Main.storyboard; sourceTree = "<group>"; };
		82311E2D27D86D82000F5523 /* Assets.xcassets */ = {isa = PBXFileReference; lastKnownFileType = folder.assetcatalog; path = Assets.xcassets; sourceTree = "<group>"; };
		82311E3027D86D82000F5523 /* Base */ = {isa = PBXFileReference; lastKnownFileType = file.storyboard; name = Base; path = Base.lproj/LaunchScreen.storyboard; sourceTree = "<group>"; };
		82311E3227D86D82000F5523 /* Info.plist */ = {isa = PBXFileReference; lastKnownFileType = text.plist.xml; path = Info.plist; sourceTree = "<group>"; };
		82311E3E27D87346000F5523 /* ChooseArtistVC.swift */ = {isa = PBXFileReference; lastKnownFileType = sourcecode.swift; path = ChooseArtistVC.swift; sourceTree = "<group>"; };
		82311E4027D87363000F5523 /* MusicListVC.swift */ = {isa = PBXFileReference; lastKnownFileType = sourcecode.swift; path = MusicListVC.swift; sourceTree = "<group>"; };
		82311E4327D876A5000F5523 /* ChooseArtistCell.swift */ = {isa = PBXFileReference; lastKnownFileType = sourcecode.swift; path = ChooseArtistCell.swift; sourceTree = "<group>"; };
		82311E4527D876B7000F5523 /* MusicListCell.swift */ = {isa = PBXFileReference; lastKnownFileType = sourcecode.swift; path = MusicListCell.swift; sourceTree = "<group>"; };
/* End PBXFileReference section */

/* Begin PBXFrameworksBuildPhase section */
		82311E1E27D86D7E000F5523 /* Frameworks */ = {
			isa = PBXFrameworksBuildPhase;
			buildActionMask = 2147483647;
			files = (
			);
			runOnlyForDeploymentPostprocessing = 0;
		};
/* End PBXFrameworksBuildPhase section */

/* Begin PBXGroup section */
		82311E1827D86D7E000F5523 = {
			isa = PBXGroup;
			children = (
				82311E2327D86D7E000F5523 /* Axbit test var.4 */,
				82311E2227D86D7E000F5523 /* Products */,
			);
			sourceTree = "<group>";
		};
		82311E2227D86D7E000F5523 /* Products */ = {
			isa = PBXGroup;
			children = (
				82311E2127D86D7E000F5523 /* Axbit test var.4.app */,
			);
			name = Products;
			sourceTree = "<group>";
		};
		82311E2327D86D7E000F5523 /* Axbit test var.4 */ = {
			isa = PBXGroup;
			children = (
				82311E3B27D86EEA000F5523 /* Networking */,
				82311E3A27D86EE3000F5523 /* Scenes */,
				82311E3827D86E97000F5523 /* App */,
			);
			path = "Axbit test var.4";
			sourceTree = "<group>";
		};
		82311E3827D86E97000F5523 /* App */ = {
			isa = PBXGroup;
			children = (
				82311E2427D86D7E000F5523 /* AppDelegate.swift */,
				82311E2627D86D7E000F5523 /* SceneDelegate.swift */,
				82311E3927D86E9F000F5523 /* Resources */,
			);
			path = App;
			sourceTree = "<group>";
		};
		82311E3927D86E9F000F5523 /* Resources */ = {
			isa = PBXGroup;
			children = (
				82311E3227D86D82000F5523 /* Info.plist */,
				82311E2D27D86D82000F5523 /* Assets.xcassets */,
			);
			path = Resources;
			sourceTree = "<group>";
		};
		82311E3A27D86EE3000F5523 /* Scenes */ = {
			isa = PBXGroup;
			children = (
				82311E4227D87684000F5523 /* Cells */,
				82311E3D27D86F45000F5523 /* Storyboard */,
				82311E3C27D86F38000F5523 /* ViewControllers */,
			);
			path = Scenes;
			sourceTree = "<group>";
		};
		82311E3B27D86EEA000F5523 /* Networking */ = {
			isa = PBXGroup;
			children = (
			);
			path = Networking;
			sourceTree = "<group>";
		};
		82311E3C27D86F38000F5523 /* ViewControllers */ = {
			isa = PBXGroup;
			children = (
				82311E2827D86D7E000F5523 /* WelcomeVC.swift */,
				82311E3E27D87346000F5523 /* ChooseArtistVC.swift */,
				82311E4027D87363000F5523 /* MusicListVC.swift */,
			);
			path = ViewControllers;
			sourceTree = "<group>";
		};
		82311E3D27D86F45000F5523 /* Storyboard */ = {
			isa = PBXGroup;
			children = (
				82311E2A27D86D7E000F5523 /* Main.storyboard */,
				82311E2F27D86D82000F5523 /* LaunchScreen.storyboard */,
			);
			path = Storyboard;
			sourceTree = "<group>";
		};
		82311E4227D87684000F5523 /* Cells */ = {
			isa = PBXGroup;
			children = (
				82311E4327D876A5000F5523 /* ChooseArtistCell.swift */,
				82311E4527D876B7000F5523 /* MusicListCell.swift */,
			);
			path = Cells;
			sourceTree = "<group>";
		};
/* End PBXGroup section */

/* Begin PBXNativeTarget section */
		82311E2027D86D7E000F5523 /* Axbit test var.4 */ = {
			isa = PBXNativeTarget;
			buildConfigurationList = 82311E3527D86D82000F5523 /* Build configuration list for PBXNativeTarget "Axbit test var.4" */;
			buildPhases = (
				82311E1D27D86D7E000F5523 /* Sources */,
				82311E1E27D86D7E000F5523 /* Frameworks */,
				82311E1F27D86D7E000F5523 /* Resources */,
			);
			buildRules = (
			);
			dependencies = (
			);
			name = "Axbit test var.4";
			productName = "Axbit test var.4";
			productReference = 82311E2127D86D7E000F5523 /* Axbit test var.4.app */;
			productType = "com.apple.product-type.application";
		};
/* End PBXNativeTarget section */

/* Begin PBXProject section */
		82311E1927D86D7E000F5523 /* Project object */ = {
			isa = PBXProject;
			attributes = {
				BuildIndependentTargetsInParallel = 1;
				LastSwiftUpdateCheck = 1320;
				LastUpgradeCheck = 1320;
				TargetAttributes = {
					82311E2027D86D7E000F5523 = {
						CreatedOnToolsVersion = 13.2.1;
					};
				};
			};
			buildConfigurationList = 82311E1C27D86D7E000F5523 /* Build configuration list for PBXProject "Axbit test var.4" */;
			compatibilityVersion = "Xcode 13.0";
			developmentRegion = en;
			hasScannedForEncodings = 0;
			knownRegions = (
				en,
				Base,
			);
			mainGroup = 82311E1827D86D7E000F5523;
			productRefGroup = 82311E2227D86D7E000F5523 /* Products */;
			projectDirPath = "";
			projectRoot = "";
			targets = (
				82311E2027D86D7E000F5523 /* Axbit test var.4 */,
			);
		};
/* End PBXProject section */

/* Begin PBXResourcesBuildPhase section */
		82311E1F27D86D7E000F5523 /* Resources */ = {
			isa = PBXResourcesBuildPhase;
			buildActionMask = 2147483647;
			files = (
				82311E3127D86D82000F5523 /* LaunchScreen.storyboard in Resources */,
				82311E2E27D86D82000F5523 /* Assets.xcassets in Resources */,
				82311E2C27D86D7E000F5523 /* Main.storyboard in Resources */,
			);
			runOnlyForDeploymentPostprocessing = 0;
		};
/* End PBXResourcesBuildPhase section */

/* Begin PBXSourcesBuildPhase section */
		82311E1D27D86D7E000F5523 /* Sources */ = {
			isa = PBXSourcesBuildPhase;
			buildActionMask = 2147483647;
			files = (
				82311E2927D86D7E000F5523 /* WelcomeVC.swift in Sources */,
				82311E4127D87363000F5523 /* MusicListVC.swift in Sources */,
				82311E4627D876B7000F5523 /* MusicListCell.swift in Sources */,
				82311E3F27D87346000F5523 /* ChooseArtistVC.swift in Sources */,
				82311E4427D876A5000F5523 /* ChooseArtistCell.swift in Sources */,
				82311E2527D86D7E000F5523 /* AppDelegate.swift in Sources */,
				82311E2727D86D7E000F5523 /* SceneDelegate.swift in Sources */,
			);
			runOnlyForDeploymentPostprocessing = 0;
		};
/* End PBXSourcesBuildPhase section */

/* Begin PBXVariantGroup section */
		82311E2A27D86D7E000F5523 /* Main.storyboard */ = {
			isa = PBXVariantGroup;
			children = (
				82311E2B27D86D7E000F5523 /* Base */,
			);
			name = Main.storyboard;
			sourceTree = "<group>";
		};
		82311E2F27D86D82000F5523 /* LaunchScreen.storyboard */ = {
			isa = PBXVariantGroup;
			children = (
				82311E3027D86D82000F5523 /* Base */,
			);
			name = LaunchScreen.storyboard;
			sourceTree = "<group>";
		};
/* End PBXVariantGroup section */

/* Begin XCBuildConfiguration section */
		82311E3327D86D82000F5523 /* Debug */ = {
			isa = XCBuildConfiguration;
			buildSettings = {
				ALWAYS_SEARCH_USER_PATHS = NO;
				CLANG_ANALYZER_NONNULL = YES;
				CLANG_ANALYZER_NUMBER_OBJECT_CONVERSION = YES_AGGRESSIVE;
				CLANG_CXX_LANGUAGE_STANDARD = "gnu++17";
				CLANG_CXX_LIBRARY = "libc++";
				CLANG_ENABLE_MODULES = YES;
				CLANG_ENABLE_OBJC_ARC = YES;
				CLANG_ENABLE_OBJC_WEAK = YES;
				CLANG_WARN_BLOCK_CAPTURE_AUTORELEASING = YES;
				CLANG_WARN_BOOL_CONVERSION = YES;
				CLANG_WARN_COMMA = YES;
				CLANG_WARN_CONSTANT_CONVERSION = YES;
				CLANG_WARN_DEPRECATED_OBJC_IMPLEMENTATIONS = YES;
				CLANG_WARN_DIRECT_OBJC_ISA_USAGE = YES_ERROR;
				CLANG_WARN_DOCUMENTATION_COMMENTS = YES;
				CLANG_WARN_EMPTY_BODY = YES;
				CLANG_WARN_ENUM_CONVERSION = YES;
				CLANG_WARN_INFINITE_RECURSION = YES;
				CLANG_WARN_INT_CONVERSION = YES;
				CLANG_WARN_NON_LITERAL_NULL_CONVERSION = YES;
				CLANG_WARN_OBJC_IMPLICIT_RETAIN_SELF = YES;
				CLANG_WARN_OBJC_LITERAL_CONVERSION = YES;
				CLANG_WARN_OBJC_ROOT_CLASS = YES_ERROR;
				CLANG_WARN_QUOTED_INCLUDE_IN_FRAMEWORK_HEADER = YES;
				CLANG_WARN_RANGE_LOOP_ANALYSIS = YES;
				CLANG_WARN_STRICT_PROTOTYPES = YES;
				CLANG_WARN_SUSPICIOUS_MOVE = YES;
				CLANG_WARN_UNGUARDED_AVAILABILITY = YES_AGGRESSIVE;
				CLANG_WARN_UNREACHABLE_CODE = YES;
				CLANG_WARN__DUPLICATE_METHOD_MATCH = YES;
				COPY_PHASE_STRIP = NO;
				DEBUG_INFORMATION_FORMAT = dwarf;
				ENABLE_STRICT_OBJC_MSGSEND = YES;
				ENABLE_TESTABILITY = YES;
				GCC_C_LANGUAGE_STANDARD = gnu11;
				GCC_DYNAMIC_NO_PIC = NO;
				GCC_NO_COMMON_BLOCKS = YES;
				GCC_OPTIMIZATION_LEVEL = 0;
				GCC_PREPROCESSOR_DEFINITIONS = (
					"DEBUG=1",
					"$(inherited)",
				);
				GCC_WARN_64_TO_32_BIT_CONVERSION = YES;
				GCC_WARN_ABOUT_RETURN_TYPE = YES_ERROR;
				GCC_WARN_UNDECLARED_SELECTOR = YES;
				GCC_WARN_UNINITIALIZED_AUTOS = YES_AGGRESSIVE;
				GCC_WARN_UNUSED_FUNCTION = YES;
				GCC_WARN_UNUSED_VARIABLE = YES;
				IPHONEOS_DEPLOYMENT_TARGET = 15.2;
				MTL_ENABLE_DEBUG_INFO = INCLUDE_SOURCE;
				MTL_FAST_MATH = YES;
				ONLY_ACTIVE_ARCH = YES;
				SDKROOT = iphoneos;
				SWIFT_ACTIVE_COMPILATION_CONDITIONS = DEBUG;
				SWIFT_OPTIMIZATION_LEVEL = "-Onone";
			};
			name = Debug;
		};
		82311E3427D86D82000F5523 /* Release */ = {
			isa = XCBuildConfiguration;
			buildSettings = {
				ALWAYS_SEARCH_USER_PATHS = NO;
				CLANG_ANALYZER_NONNULL = YES;
				CLANG_ANALYZER_NUMBER_OBJECT_CONVERSION = YES_AGGRESSIVE;
				CLANG_CXX_LANGUAGE_STANDARD = "gnu++17";
				CLANG_CXX_LIBRARY = "libc++";
				CLANG_ENABLE_MODULES = YES;
				CLANG_ENABLE_OBJC_ARC = YES;
				CLANG_ENABLE_OBJC_WEAK = YES;
				CLANG_WARN_BLOCK_CAPTURE_AUTORELEASING = YES;
				CLANG_WARN_BOOL_CONVERSION = YES;
				CLANG_WARN_COMMA = YES;
				CLANG_WARN_CONSTANT_CONVERSION = YES;
				CLANG_WARN_DEPRECATED_OBJC_IMPLEMENTATIONS = YES;
				CLANG_WARN_DIRECT_OBJC_ISA_USAGE = YES_ERROR;
				CLANG_WARN_DOCUMENTATION_COMMENTS = YES;
				CLANG_WARN_EMPTY_BODY = YES;
				CLANG_WARN_ENUM_CONVERSION = YES;
				CLANG_WARN_INFINITE_RECURSION = YES;
				CLANG_WARN_INT_CONVERSION = YES;
				CLANG_WARN_NON_LITERAL_NULL_CONVERSION = YES;
				CLANG_WARN_OBJC_IMPLICIT_RETAIN_SELF = YES;
				CLANG_WARN_OBJC_LITERAL_CONVERSION = YES;
				CLANG_WARN_OBJC_ROOT_CLASS = YES_ERROR;
				CLANG_WARN_QUOTED_INCLUDE_IN_FRAMEWORK_HEADER = YES;
				CLANG_WARN_RANGE_LOOP_ANALYSIS = YES;
				CLANG_WARN_STRICT_PROTOTYPES = YES;
				CLANG_WARN_SUSPICIOUS_MOVE = YES;
				CLANG_WARN_UNGUARDED_AVAILABILITY = YES_AGGRESSIVE;
				CLANG_WARN_UNREACHABLE_CODE = YES;
				CLANG_WARN__DUPLICATE_METHOD_MATCH = YES;
				COPY_PHASE_STRIP = NO;
				DEBUG_INFORMATION_FORMAT = "dwarf-with-dsym";
				ENABLE_NS_ASSERTIONS = NO;
				ENABLE_STRICT_OBJC_MSGSEND = YES;
				GCC_C_LANGUAGE_STANDARD = gnu11;
				GCC_NO_COMMON_BLOCKS = YES;
				GCC_WARN_64_TO_32_BIT_CONVERSION = YES;
				GCC_WARN_ABOUT_RETURN_TYPE = YES_ERROR;
				GCC_WARN_UNDECLARED_SELECTOR = YES;
				GCC_WARN_UNINITIALIZED_AUTOS = YES_AGGRESSIVE;
				GCC_WARN_UNUSED_FUNCTION = YES;
				GCC_WARN_UNUSED_VARIABLE = YES;
				IPHONEOS_DEPLOYMENT_TARGET = 15.2;
				MTL_ENABLE_DEBUG_INFO = NO;
				MTL_FAST_MATH = YES;
				SDKROOT = iphoneos;
				SWIFT_COMPILATION_MODE = wholemodule;
				SWIFT_OPTIMIZATION_LEVEL = "-O";
				VALIDATE_PRODUCT = YES;
			};
			name = Release;
		};
		82311E3627D86D82000F5523 /* Debug */ = {
			isa = XCBuildConfiguration;
			buildSettings = {
				ASSETCATALOG_COMPILER_APPICON_NAME = AppIcon;
				ASSETCATALOG_COMPILER_GLOBAL_ACCENT_COLOR_NAME = AccentColor;
				CODE_SIGN_STYLE = Automatic;
				CURRENT_PROJECT_VERSION = 1;
				GENERATE_INFOPLIST_FILE = YES;
				INFOPLIST_FILE = "Axbit test var.4/App/Resources/Info.plist";
				INFOPLIST_KEY_UIApplicationSupportsIndirectInputEvents = YES;
				INFOPLIST_KEY_UILaunchStoryboardName = LaunchScreen;
				INFOPLIST_KEY_UIMainStoryboardFile = Main;
				INFOPLIST_KEY_UISupportedInterfaceOrientations_iPad = "UIInterfaceOrientationPortrait UIInterfaceOrientationPortraitUpsideDown UIInterfaceOrientationLandscapeLeft UIInterfaceOrientationLandscapeRight";
				INFOPLIST_KEY_UISupportedInterfaceOrientations_iPhone = "UIInterfaceOrientationPortrait UIInterfaceOrientationLandscapeLeft UIInterfaceOrientationLandscapeRight";
				LD_RUNPATH_SEARCH_PATHS = (
					"$(inherited)",
					"@executable_path/Frameworks",
				);
				MARKETING_VERSION = 1.0;
				PRODUCT_BUNDLE_IDENTIFIER = "com.my.Axbit-test-var-4";
				PRODUCT_NAME = "$(TARGET_NAME)";
				SWIFT_EMIT_LOC_STRINGS = YES;
				SWIFT_VERSION = 5.0;
				TARGETED_DEVICE_FAMILY = "1,2";
			};
			name = Debug;
		};
		82311E3727D86D82000F5523 /* Release */ = {
			isa = XCBuildConfiguration;
			buildSettings = {
				ASSETCATALOG_COMPILER_APPICON_NAME = AppIcon;
				ASSETCATALOG_COMPILER_GLOBAL_ACCENT_COLOR_NAME = AccentColor;
				CODE_SIGN_STYLE = Automatic;
				CURRENT_PROJECT_VERSION = 1;
				GENERATE_INFOPLIST_FILE = YES;
				INFOPLIST_FILE = "Axbit test var.4/App/Resources/Info.plist";
				INFOPLIST_KEY_UIApplicationSupportsIndirectInputEvents = YES;
				INFOPLIST_KEY_UILaunchStoryboardName = LaunchScreen;
				INFOPLIST_KEY_UIMainStoryboardFile = Main;
				INFOPLIST_KEY_UISupportedInterfaceOrientations_iPad = "UIInterfaceOrientationPortrait UIInterfaceOrientationPortraitUpsideDown UIInterfaceOrientationLandscapeLeft UIInterfaceOrientationLandscapeRight";
				INFOPLIST_KEY_UISupportedInterfaceOrientations_iPhone = "UIInterfaceOrientationPortrait UIInterfaceOrientationLandscapeLeft UIInterfaceOrientationLandscapeRight";
				LD_RUNPATH_SEARCH_PATHS = (
					"$(inherited)",
					"@executable_path/Frameworks",
				);
				MARKETING_VERSION = 1.0;
				PRODUCT_BUNDLE_IDENTIFIER = "com.my.Axbit-test-var-4";
				PRODUCT_NAME = "$(TARGET_NAME)";
				SWIFT_EMIT_LOC_STRINGS = YES;
				SWIFT_VERSION = 5.0;
				TARGETED_DEVICE_FAMILY = "1,2";
			};
			name = Release;
		};
/* End XCBuildConfiguration section */

/* Begin XCConfigurationList section */
		82311E1C27D86D7E000F5523 /* Build configuration list for PBXProject "Axbit test var.4" */ = {
			isa = XCConfigurationList;
			buildConfigurations = (
				82311E3327D86D82000F5523 /* Debug */,
				82311E3427D86D82000F5523 /* Release */,
			);
			defaultConfigurationIsVisible = 0;
			defaultConfigurationName = Release;
		};
		82311E3527D86D82000F5523 /* Build configuration list for PBXNativeTarget "Axbit test var.4" */ = {
			isa = XCConfigurationList;
			buildConfigurations = (
				82311E3627D86D82000F5523 /* Debug */,
				82311E3727D86D82000F5523 /* Release */,
			);
			defaultConfigurationIsVisible = 0;
			defaultConfigurationName = Release;
		};
/* End XCConfigurationList section */
	};
	rootObject = 82311E1927D86D7E000F5523 /* Project object */;
}
